
Microsoft Visual Studio Solution File, Format Version 12.00
# Visual Studio Version 17
VisualStudioVersion = 17.3.32922.545
MinimumVisualStudioVersion = 10.0.40219.1
Project("{FAE04EC0-301F-11D3-BF4B-00C04F79EFBC}") = "StaticWebsiteApplication", "StaticWebsiteApplication.csproj", "{16D6CEAA-E74B-4DE8-B58C-FED4A2D9FCDA}"
EndProject
Project("{2150E333-8FDC-42A3-9474-1A3956D46DE8}") = "Solution Items", "Solution Items", "{7790C205-4419-4A04-8BD7-EBF22591DB5C}"
	ProjectSection(SolutionItems) = preProject
		buildspec.yml = buildspec.yml
		index.html = index.html
	EndProjectSection
EndProject
Global
	GlobalSection(SolutionConfigurationPlatforms) = preSolution
		Debug|Any CPU = Debug|Any CPU
		Release|Any CPU = Release|Any CPU
	EndGlobalSection
	GlobalSection(ProjectConfigurationPlatforms) = postSolution
		{16D6CEAA-E74B-4DE8-B58C-FED4A2D9FCDA}.Debug|Any CPU.ActiveCfg = Debug|Any CPU
		{16D6CEAA-E74B-4DE8-B58C-FED4A2D9FCDA}.Debug|Any CPU.Build.0 = Debug|Any CPU
		{16D6CEAA-E74B-4DE8-B58C-FED4A2D9FCDA}.Release|Any CPU.ActiveCfg = Release|Any CPU
		{16D6CEAA-E74B-4DE8-B58C-FED4A2D9FCDA}.Release|Any CPU.Build.0 = Release|Any CPU
	EndGlobalSection
	GlobalSection(SolutionProperties) = preSolution
		HideSolutionNode = FALSE
	EndGlobalSection
	GlobalSection(ExtensibilityGlobals) = postSolution
		SolutionGuid = {D0FA9CEC-50CB-472B-94DB-CA926600E465}
	EndGlobalSection
EndGlobal
